
Microsoft Visual Studio Solution File, Format Version 12.00
# Visual Studio Version 17
VisualStudioVersion = 17.13.35825.156 d17.13
MinimumVisualStudioVersion = 10.0.40219.1
Project("{FAE04EC0-301F-11D3-BF4B-00C04F79EFBC}") = "PopCinema", "PopCinema.csproj", "{EDE71F83-0B56-423B-926F-4F6741954A90}"
EndProject
Global
	GlobalSection(SolutionConfigurationPlatforms) = preSolution
		Debug|Any CPU = Debug|Any CPU
		Release|Any CPU = Release|Any CPU
	EndGlobalSection
	GlobalSection(ProjectConfigurationPlatforms) = postSolution
		{EDE71F83-0B56-423B-926F-4F6741954A90}.Debug|Any CPU.ActiveCfg = Debug|Any CPU
		{EDE71F83-0B56-423B-926F-4F6741954A90}.Debug|Any CPU.Build.0 = Debug|Any CPU
		{EDE71F83-0B56-423B-926F-4F6741954A90}.Release|Any CPU.ActiveCfg = Release|Any CPU
		{EDE71F83-0B56-423B-926F-4F6741954A90}.Release|Any CPU.Build.0 = Release|Any CPU
	EndGlobalSection
	GlobalSection(SolutionProperties) = preSolution
		HideSolutionNode = FALSE
	EndGlobalSection
	GlobalSection(ExtensibilityGlobals) = postSolution
		SolutionGuid = {214B1F8E-B8D1-43EE-B0BB-EE7D32910CB1}
	EndGlobalSection
EndGlobal
